// !$*UTF8*$!
{
	archiveVersion = 1;
	classes = {
	};
	objectVersion = 46;
	objects = {

/* Begin PBXBuildFile section */
		EEC0AF3C1DA97DEE00338F0D /* AppDelegate.swift in Sources */ = {isa = PBXBuildFile; fileRef = EEC0AF3B1DA97DEE00338F0D /* AppDelegate.swift */; };
		EEC0AF3E1DA97DEE00338F0D /* ViewController.swift in Sources */ = {isa = PBXBuildFile; fileRef = EEC0AF3D1DA97DEE00338F0D /* ViewController.swift */; };
		EEC0AF411DA97DEE00338F0D /* Main.storyboard in Resources */ = {isa = PBXBuildFile; fileRef = EEC0AF3F1DA97DEE00338F0D /* Main.storyboard */; };
		EEC0AF431DA97DEE00338F0D /* Assets.xcassets in Resources */ = {isa = PBXBuildFile; fileRef = EEC0AF421DA97DEE00338F0D /* Assets.xcassets */; };
		EEC0AF461DA97DEE00338F0D /* LaunchScreen.storyboard in Resources */ = {isa = PBXBuildFile; fileRef = EEC0AF441DA97DEE00338F0D /* LaunchScreen.storyboard */; };
		EEC0AF511DA97DEE00338F0D /* Kent_State_MapTests.swift in Sources */ = {isa = PBXBuildFile; fileRef = EEC0AF501DA97DEE00338F0D /* Kent_State_MapTests.swift */; };
		EEC0AF5C1DA97DEE00338F0D /* Kent_State_MapUITests.swift in Sources */ = {isa = PBXBuildFile; fileRef = EEC0AF5B1DA97DEE00338F0D /* Kent_State_MapUITests.swift */; };
		EEC0AF6C1DA97E3000338F0D /* GoogleMaps.framework in Frameworks */ = {isa = PBXBuildFile; fileRef = EEC0AF691DA97E3000338F0D /* GoogleMaps.framework */; };
		EEC0AF6D1DA97E3000338F0D /* GoogleMapsCore.framework in Frameworks */ = {isa = PBXBuildFile; fileRef = EEC0AF6A1DA97E3000338F0D /* GoogleMapsCore.framework */; };
		EEC0AF6E1DA97E3000338F0D /* GoogleMapsBase.framework in Frameworks */ = {isa = PBXBuildFile; fileRef = EEC0AF6B1DA97E3000338F0D /* GoogleMapsBase.framework */; };
		EEC0AF701DA97E3C00338F0D /* GoogleMaps.bundle in Resources */ = {isa = PBXBuildFile; fileRef = EEC0AF6F1DA97E3C00338F0D /* GoogleMaps.bundle */; };
		EEC0AF721DA97E4D00338F0D /* Kent_State_A1_4k.png in Resources */ = {isa = PBXBuildFile; fileRef = EEC0AF711DA97E4D00338F0D /* Kent_State_A1_4k.png */; };
		EEC0AF741DA97E8200338F0D /* Info.plist in Resources */ = {isa = PBXBuildFile; fileRef = EEC0AF731DA97E8200338F0D /* Info.plist */; };
		EEC0AF831DA97F8800338F0D /* Accelerate.framework in Frameworks */ = {isa = PBXBuildFile; fileRef = EEC0AF761DA97F8800338F0D /* Accelerate.framework */; };
		EEC0AF841DA97F8800338F0D /* CoreData.framework in Frameworks */ = {isa = PBXBuildFile; fileRef = EEC0AF771DA97F8800338F0D /* CoreData.framework */; };
		EEC0AF851DA97F8800338F0D /* CoreGraphics.framework in Frameworks */ = {isa = PBXBuildFile; fileRef = EEC0AF781DA97F8800338F0D /* CoreGraphics.framework */; };
		EEC0AF861DA97F8800338F0D /* CoreLocation.framework in Frameworks */ = {isa = PBXBuildFile; fileRef = EEC0AF791DA97F8800338F0D /* CoreLocation.framework */; };
		EEC0AF871DA97F8800338F0D /* CoreText.framework in Frameworks */ = {isa = PBXBuildFile; fileRef = EEC0AF7A1DA97F8800338F0D /* CoreText.framework */; };
		EEC0AF881DA97F8800338F0D /* GLKit.framework in Frameworks */ = {isa = PBXBuildFile; fileRef = EEC0AF7B1DA97F8800338F0D /* GLKit.framework */; };
		EEC0AF891DA97F8800338F0D /* ImageIO.framework in Frameworks */ = {isa = PBXBuildFile; fileRef = EEC0AF7C1DA97F8800338F0D /* ImageIO.framework */; };
		EEC0AF8A1DA97F8800338F0D /* libc++.tbd in Frameworks */ = {isa = PBXBuildFile; fileRef = EEC0AF7D1DA97F8800338F0D /* libc++.tbd */; };
		EEC0AF8B1DA97F8800338F0D /* libz.tbd in Frameworks */ = {isa = PBXBuildFile; fileRef = EEC0AF7E1DA97F8800338F0D /* libz.tbd */; };
		EEC0AF8C1DA97F8800338F0D /* OpenGLES.framework in Frameworks */ = {isa = PBXBuildFile; fileRef = EEC0AF7F1DA97F8800338F0D /* OpenGLES.framework */; };
		EEC0AF8D1DA97F8800338F0D /* QuartzCore.framework in Frameworks */ = {isa = PBXBuildFile; fileRef = EEC0AF801DA97F8800338F0D /* QuartzCore.framework */; };
		EEC0AF8E1DA97F8800338F0D /* SystemConfiguration.framework in Frameworks */ = {isa = PBXBuildFile; fileRef = EEC0AF811DA97F8800338F0D /* SystemConfiguration.framework */; };
		EEC0AF8F1DA97F8800338F0D /* UIKit.framework in Frameworks */ = {isa = PBXBuildFile; fileRef = EEC0AF821DA97F8800338F0D /* UIKit.framework */; };
		EEC0AF991DA9F10600338F0D /* Fabric.framework in Frameworks */ = {isa = PBXBuildFile; fileRef = EEC0AF971DA9F10600338F0D /* Fabric.framework */; };
		EEC0AF9A1DA9F10600338F0D /* Crashlytics.framework in Frameworks */ = {isa = PBXBuildFile; fileRef = EEC0AF981DA9F10600338F0D /* Crashlytics.framework */; };
/* End PBXBuildFile section */

/* Begin PBXContainerItemProxy section */
		EEC0AF4D1DA97DEE00338F0D /* PBXContainerItemProxy */ = {
			isa = PBXContainerItemProxy;
			containerPortal = EEC0AF301DA97DEE00338F0D /* Project object */;
			proxyType = 1;
			remoteGlobalIDString = EEC0AF371DA97DEE00338F0D;
			remoteInfo = Kent_State_Map;
		};
		EEC0AF581DA97DEE00338F0D /* PBXContainerItemProxy */ = {
			isa = PBXContainerItemProxy;
			containerPortal = EEC0AF301DA97DEE00338F0D /* Project object */;
			proxyType = 1;
			remoteGlobalIDString = EEC0AF371DA97DEE00338F0D;
			remoteInfo = Kent_State_Map;
		};
/* End PBXContainerItemProxy section */

/* Begin PBXFileReference section */
		EEC0AF381DA97DEE00338F0D /* Kent_State_Map.app */ = {isa = PBXFileReference; explicitFileType = wrapper.application; includeInIndex = 0; path = Kent_State_Map.app; sourceTree = BUILT_PRODUCTS_DIR; };
		EEC0AF3B1DA97DEE00338F0D /* AppDelegate.swift */ = {isa = PBXFileReference; lastKnownFileType = sourcecode.swift; path = AppDelegate.swift; sourceTree = "<group>"; };
		EEC0AF3D1DA97DEE00338F0D /* ViewController.swift */ = {isa = PBXFileReference; lastKnownFileType = sourcecode.swift; path = ViewController.swift; sourceTree = "<group>"; };
		EEC0AF401DA97DEE00338F0D /* Base */ = {isa = PBXFileReference; lastKnownFileType = file.storyboard; name = Base; path = Base.lproj/Main.storyboard; sourceTree = "<group>"; };
		EEC0AF421DA97DEE00338F0D /* Assets.xcassets */ = {isa = PBXFileReference; lastKnownFileType = folder.assetcatalog; path = Assets.xcassets; sourceTree = "<group>"; };
		EEC0AF451DA97DEE00338F0D /* Base */ = {isa = PBXFileReference; lastKnownFileType = file.storyboard; name = Base; path = Base.lproj/LaunchScreen.storyboard; sourceTree = "<group>"; };
		EEC0AF4C1DA97DEE00338F0D /* Kent_State_MapTests.xctest */ = {isa = PBXFileReference; explicitFileType = wrapper.cfbundle; includeInIndex = 0; path = Kent_State_MapTests.xctest; sourceTree = BUILT_PRODUCTS_DIR; };
		EEC0AF501DA97DEE00338F0D /* Kent_State_MapTests.swift */ = {isa = PBXFileReference; lastKnownFileType = sourcecode.swift; path = Kent_State_MapTests.swift; sourceTree = "<group>"; };
		EEC0AF521DA97DEE00338F0D /* Info.plist */ = {isa = PBXFileReference; lastKnownFileType = text.plist.xml; path = Info.plist; sourceTree = "<group>"; };
		EEC0AF571DA97DEE00338F0D /* Kent_State_MapUITests.xctest */ = {isa = PBXFileReference; explicitFileType = wrapper.cfbundle; includeInIndex = 0; path = Kent_State_MapUITests.xctest; sourceTree = BUILT_PRODUCTS_DIR; };
		EEC0AF5B1DA97DEE00338F0D /* Kent_State_MapUITests.swift */ = {isa = PBXFileReference; lastKnownFileType = sourcecode.swift; path = Kent_State_MapUITests.swift; sourceTree = "<group>"; };
		EEC0AF5D1DA97DEF00338F0D /* Info.plist */ = {isa = PBXFileReference; lastKnownFileType = text.plist.xml; path = Info.plist; sourceTree = "<group>"; };
		EEC0AF691DA97E3000338F0D /* GoogleMaps.framework */ = {isa = PBXFileReference; lastKnownFileType = wrapper.framework; path = GoogleMaps.framework; sourceTree = "<group>"; };
		EEC0AF6A1DA97E3000338F0D /* GoogleMapsCore.framework */ = {isa = PBXFileReference; lastKnownFileType = wrapper.framework; path = GoogleMapsCore.framework; sourceTree = "<group>"; };
		EEC0AF6B1DA97E3000338F0D /* GoogleMapsBase.framework */ = {isa = PBXFileReference; lastKnownFileType = wrapper.framework; path = GoogleMapsBase.framework; sourceTree = "<group>"; };
		EEC0AF6F1DA97E3C00338F0D /* GoogleMaps.bundle */ = {isa = PBXFileReference; lastKnownFileType = "wrapper.plug-in"; name = GoogleMaps.bundle; path = ../Test/GoogleMaps.framework/Versions/A/Resources/GoogleMaps.bundle; sourceTree = "<group>"; };
		EEC0AF711DA97E4D00338F0D /* Kent_State_A1_4k.png */ = {isa = PBXFileReference; lastKnownFileType = image.png; path = Kent_State_A1_4k.png; sourceTree = "<group>"; };
		EEC0AF731DA97E8200338F0D /* Info.plist */ = {isa = PBXFileReference; fileEncoding = 4; lastKnownFileType = text.plist.xml; path = Info.plist; sourceTree = "<group>"; };
		EEC0AF761DA97F8800338F0D /* Accelerate.framework */ = {isa = PBXFileReference; lastKnownFileType = wrapper.framework; name = Accelerate.framework; path = System/Library/Frameworks/Accelerate.framework; sourceTree = SDKROOT; };
		EEC0AF771DA97F8800338F0D /* CoreData.framework */ = {isa = PBXFileReference; lastKnownFileType = wrapper.framework; name = CoreData.framework; path = System/Library/Frameworks/CoreData.framework; sourceTree = SDKROOT; };
		EEC0AF781DA97F8800338F0D /* CoreGraphics.framework */ = {isa = PBXFileReference; lastKnownFileType = wrapper.framework; name = CoreGraphics.framework; path = System/Library/Frameworks/CoreGraphics.framework; sourceTree = SDKROOT; };
		EEC0AF791DA97F8800338F0D /* CoreLocation.framework */ = {isa = PBXFileReference; lastKnownFileType = wrapper.framework; name = CoreLocation.framework; path = System/Library/Frameworks/CoreLocation.framework; sourceTree = SDKROOT; };
		EEC0AF7A1DA97F8800338F0D /* CoreText.framework */ = {isa = PBXFileReference; lastKnownFileType = wrapper.framework; name = CoreText.framework; path = System/Library/Frameworks/CoreText.framework; sourceTree = SDKROOT; };
		EEC0AF7B1DA97F8800338F0D /* GLKit.framework */ = {isa = PBXFileReference; lastKnownFileType = wrapper.framework; name = GLKit.framework; path = System/Library/Frameworks/GLKit.framework; sourceTree = SDKROOT; };
		EEC0AF7C1DA97F8800338F0D /* ImageIO.framework */ = {isa = PBXFileReference; lastKnownFileType = wrapper.framework; name = ImageIO.framework; path = System/Library/Frameworks/ImageIO.framework; sourceTree = SDKROOT; };
		EEC0AF7D1DA97F8800338F0D /* libc++.tbd */ = {isa = PBXFileReference; lastKnownFileType = "sourcecode.text-based-dylib-definition"; name = "libc++.tbd"; path = "usr/lib/libc++.tbd"; sourceTree = SDKROOT; };
		EEC0AF7E1DA97F8800338F0D /* libz.tbd */ = {isa = PBXFileReference; lastKnownFileType = "sourcecode.text-based-dylib-definition"; name = libz.tbd; path = usr/lib/libz.tbd; sourceTree = SDKROOT; };
		EEC0AF7F1DA97F8800338F0D /* OpenGLES.framework */ = {isa = PBXFileReference; lastKnownFileType = wrapper.framework; name = OpenGLES.framework; path = System/Library/Frameworks/OpenGLES.framework; sourceTree = SDKROOT; };
		EEC0AF801DA97F8800338F0D /* QuartzCore.framework */ = {isa = PBXFileReference; lastKnownFileType = wrapper.framework; name = QuartzCore.framework; path = System/Library/Frameworks/QuartzCore.framework; sourceTree = SDKROOT; };
		EEC0AF811DA97F8800338F0D /* SystemConfiguration.framework */ = {isa = PBXFileReference; lastKnownFileType = wrapper.framework; name = SystemConfiguration.framework; path = System/Library/Frameworks/SystemConfiguration.framework; sourceTree = SDKROOT; };
		EEC0AF821DA97F8800338F0D /* UIKit.framework */ = {isa = PBXFileReference; lastKnownFileType = wrapper.framework; name = UIKit.framework; path = System/Library/Frameworks/UIKit.framework; sourceTree = SDKROOT; };
		EEC0AF971DA9F10600338F0D /* Fabric.framework */ = {isa = PBXFileReference; lastKnownFileType = wrapper.framework; path = Fabric.framework; sourceTree = "<group>"; };
		EEC0AF981DA9F10600338F0D /* Crashlytics.framework */ = {isa = PBXFileReference; lastKnownFileType = wrapper.framework; path = Crashlytics.framework; sourceTree = "<group>"; };
/* End PBXFileReference section */

/* Begin PBXFrameworksBuildPhase section */
		EEC0AF351DA97DEE00338F0D /* Frameworks */ = {
			isa = PBXFrameworksBuildPhase;
			buildActionMask = 2147483647;
			files = (
				EEC0AF831DA97F8800338F0D /* Accelerate.framework in Frameworks */,
				EEC0AF841DA97F8800338F0D /* CoreData.framework in Frameworks */,
				EEC0AF851DA97F8800338F0D /* CoreGraphics.framework in Frameworks */,
				EEC0AF861DA97F8800338F0D /* CoreLocation.framework in Frameworks */,
				EEC0AF871DA97F8800338F0D /* CoreText.framework in Frameworks */,
				EEC0AF881DA97F8800338F0D /* GLKit.framework in Frameworks */,
				EEC0AF891DA97F8800338F0D /* ImageIO.framework in Frameworks */,
				EEC0AF8A1DA97F8800338F0D /* libc++.tbd in Frameworks */,
				EEC0AF8B1DA97F8800338F0D /* libz.tbd in Frameworks */,
				EEC0AF8C1DA97F8800338F0D /* OpenGLES.framework in Frameworks */,
				EEC0AF9A1DA9F10600338F0D /* Crashlytics.framework in Frameworks */,
				EEC0AF8D1DA97F8800338F0D /* QuartzCore.framework in Frameworks */,
				EEC0AF8E1DA97F8800338F0D /* SystemConfiguration.framework in Frameworks */,
				EEC0AF8F1DA97F8800338F0D /* UIKit.framework in Frameworks */,
				EEC0AF6E1DA97E3000338F0D /* GoogleMapsBase.framework in Frameworks */,
				EEC0AF6C1DA97E3000338F0D /* GoogleMaps.framework in Frameworks */,
				EEC0AF991DA9F10600338F0D /* Fabric.framework in Frameworks */,
				EEC0AF6D1DA97E3000338F0D /* GoogleMapsCore.framework in Frameworks */,
			);
			runOnlyForDeploymentPostprocessing = 0;
		};
		EEC0AF491DA97DEE00338F0D /* Frameworks */ = {
			isa = PBXFrameworksBuildPhase;
			buildActionMask = 2147483647;
			files = (
			);
			runOnlyForDeploymentPostprocessing = 0;
		};
		EEC0AF541DA97DEE00338F0D /* Frameworks */ = {
			isa = PBXFrameworksBuildPhase;
			buildActionMask = 2147483647;
			files = (
			);
			runOnlyForDeploymentPostprocessing = 0;
		};
/* End PBXFrameworksBuildPhase section */

/* Begin PBXGroup section */
		EEC0AF2F1DA97DEE00338F0D = {
			isa = PBXGroup;
			children = (
				EEC0AF971DA9F10600338F0D /* Fabric.framework */,
				EEC0AF981DA9F10600338F0D /* Crashlytics.framework */,
				EEC0AF711DA97E4D00338F0D /* Kent_State_A1_4k.png */,
				EEC0AF6F1DA97E3C00338F0D /* GoogleMaps.bundle */,
				EEC0AF691DA97E3000338F0D /* GoogleMaps.framework */,
				EEC0AF6A1DA97E3000338F0D /* GoogleMapsCore.framework */,
				EEC0AF6B1DA97E3000338F0D /* GoogleMapsBase.framework */,
				EEC0AF3A1DA97DEE00338F0D /* Kent_State_Map */,
				EEC0AF4F1DA97DEE00338F0D /* Kent_State_MapTests */,
				EEC0AF5A1DA97DEE00338F0D /* Kent_State_MapUITests */,
				EEC0AF391DA97DEE00338F0D /* Products */,
				EEC0AF751DA97F8700338F0D /* Frameworks */,
			);
			sourceTree = "<group>";
		};
		EEC0AF391DA97DEE00338F0D /* Products */ = {
			isa = PBXGroup;
			children = (
				EEC0AF381DA97DEE00338F0D /* Kent_State_Map.app */,
				EEC0AF4C1DA97DEE00338F0D /* Kent_State_MapTests.xctest */,
				EEC0AF571DA97DEE00338F0D /* Kent_State_MapUITests.xctest */,
			);
			name = Products;
			sourceTree = "<group>";
		};
		EEC0AF3A1DA97DEE00338F0D /* Kent_State_Map */ = {
			isa = PBXGroup;
			children = (
				EEC0AF3B1DA97DEE00338F0D /* AppDelegate.swift */,
				EEC0AF3D1DA97DEE00338F0D /* ViewController.swift */,
				EEC0AF3F1DA97DEE00338F0D /* Main.storyboard */,
				EEC0AF421DA97DEE00338F0D /* Assets.xcassets */,
				EEC0AF441DA97DEE00338F0D /* LaunchScreen.storyboard */,
				EEC0AF731DA97E8200338F0D /* Info.plist */,
			);
			path = Kent_State_Map;
			sourceTree = "<group>";
		};
		EEC0AF4F1DA97DEE00338F0D /* Kent_State_MapTests */ = {
			isa = PBXGroup;
			children = (
				EEC0AF501DA97DEE00338F0D /* Kent_State_MapTests.swift */,
				EEC0AF521DA97DEE00338F0D /* Info.plist */,
			);
			path = Kent_State_MapTests;
			sourceTree = "<group>";
		};
		EEC0AF5A1DA97DEE00338F0D /* Kent_State_MapUITests */ = {
			isa = PBXGroup;
			children = (
				EEC0AF5B1DA97DEE00338F0D /* Kent_State_MapUITests.swift */,
				EEC0AF5D1DA97DEF00338F0D /* Info.plist */,
			);
			path = Kent_State_MapUITests;
			sourceTree = "<group>";
		};
		EEC0AF751DA97F8700338F0D /* Frameworks */ = {
			isa = PBXGroup;
			children = (
				EEC0AF761DA97F8800338F0D /* Accelerate.framework */,
				EEC0AF771DA97F8800338F0D /* CoreData.framework */,
				EEC0AF781DA97F8800338F0D /* CoreGraphics.framework */,
				EEC0AF791DA97F8800338F0D /* CoreLocation.framework */,
				EEC0AF7A1DA97F8800338F0D /* CoreText.framework */,
				EEC0AF7B1DA97F8800338F0D /* GLKit.framework */,
				EEC0AF7C1DA97F8800338F0D /* ImageIO.framework */,
				EEC0AF7D1DA97F8800338F0D /* libc++.tbd */,
				EEC0AF7E1DA97F8800338F0D /* libz.tbd */,
				EEC0AF7F1DA97F8800338F0D /* OpenGLES.framework */,
				EEC0AF801DA97F8800338F0D /* QuartzCore.framework */,
				EEC0AF811DA97F8800338F0D /* SystemConfiguration.framework */,
				EEC0AF821DA97F8800338F0D /* UIKit.framework */,
			);
			name = Frameworks;
			sourceTree = "<group>";
		};
/* End PBXGroup section */

/* Begin PBXNativeTarget section */
		EEC0AF371DA97DEE00338F0D /* Kent_State_Map */ = {
			isa = PBXNativeTarget;
			buildConfigurationList = EEC0AF601DA97DEF00338F0D /* Build configuration list for PBXNativeTarget "Kent_State_Map" */;
			buildPhases = (
				EEC0AF341DA97DEE00338F0D /* Sources */,
				EEC0AF351DA97DEE00338F0D /* Frameworks */,
				EEC0AF361DA97DEE00338F0D /* Resources */,
				EEC0AF961DA9F0D100338F0D /* ShellScript */,
			);
			buildRules = (
			);
			dependencies = (
			);
			name = Kent_State_Map;
			productName = Kent_State_Map;
			productReference = EEC0AF381DA97DEE00338F0D /* Kent_State_Map.app */;
			productType = "com.apple.product-type.application";
		};
		EEC0AF4B1DA97DEE00338F0D /* Kent_State_MapTests */ = {
			isa = PBXNativeTarget;
			buildConfigurationList = EEC0AF631DA97DEF00338F0D /* Build configuration list for PBXNativeTarget "Kent_State_MapTests" */;
			buildPhases = (
				EEC0AF481DA97DEE00338F0D /* Sources */,
				EEC0AF491DA97DEE00338F0D /* Frameworks */,
				EEC0AF4A1DA97DEE00338F0D /* Resources */,
			);
			buildRules = (
			);
			dependencies = (
				EEC0AF4E1DA97DEE00338F0D /* PBXTargetDependency */,
			);
			name = Kent_State_MapTests;
			productName = Kent_State_MapTests;
			productReference = EEC0AF4C1DA97DEE00338F0D /* Kent_State_MapTests.xctest */;
			productType = "com.apple.product-type.bundle.unit-test";
		};
		EEC0AF561DA97DEE00338F0D /* Kent_State_MapUITests */ = {
			isa = PBXNativeTarget;
			buildConfigurationList = EEC0AF661DA97DEF00338F0D /* Build configuration list for PBXNativeTarget "Kent_State_MapUITests" */;
			buildPhases = (
				EEC0AF531DA97DEE00338F0D /* Sources */,
				EEC0AF541DA97DEE00338F0D /* Frameworks */,
				EEC0AF551DA97DEE00338F0D /* Resources */,
			);
			buildRules = (
			);
			dependencies = (
				EEC0AF591DA97DEE00338F0D /* PBXTargetDependency */,
			);
			name = Kent_State_MapUITests;
			productName = Kent_State_MapUITests;
			productReference = EEC0AF571DA97DEE00338F0D /* Kent_State_MapUITests.xctest */;
			productType = "com.apple.product-type.bundle.ui-testing";
		};
/* End PBXNativeTarget section */

/* Begin PBXProject section */
		EEC0AF301DA97DEE00338F0D /* Project object */ = {
			isa = PBXProject;
			attributes = {
				LastSwiftUpdateCheck = 0800;
				LastUpgradeCheck = 0800;
				ORGANIZATIONNAME = "Omer Al-Madani";
				TargetAttributes = {
					EEC0AF371DA97DEE00338F0D = {
						CreatedOnToolsVersion = 8.0;
						ProvisioningStyle = Automatic;
					};
					EEC0AF4B1DA97DEE00338F0D = {
						CreatedOnToolsVersion = 8.0;
						ProvisioningStyle = Automatic;
						TestTargetID = EEC0AF371DA97DEE00338F0D;
					};
					EEC0AF561DA97DEE00338F0D = {
						CreatedOnToolsVersion = 8.0;
						ProvisioningStyle = Automatic;
						TestTargetID = EEC0AF371DA97DEE00338F0D;
					};
				};
			};
			buildConfigurationList = EEC0AF331DA97DEE00338F0D /* Build configuration list for PBXProject "Kent_State_Map" */;
			compatibilityVersion = "Xcode 3.2";
			developmentRegion = English;
			hasScannedForEncodings = 0;
			knownRegions = (
				en,
				Base,
			);
			mainGroup = EEC0AF2F1DA97DEE00338F0D;
			productRefGroup = EEC0AF391DA97DEE00338F0D /* Products */;
			projectDirPath = "";
			projectRoot = "";
			targets = (
				EEC0AF371DA97DEE00338F0D /* Kent_State_Map */,
				EEC0AF4B1DA97DEE00338F0D /* Kent_State_MapTests */,
				EEC0AF561DA97DEE00338F0D /* Kent_State_MapUITests */,
			);
		};
/* End PBXProject section */

/* Begin PBXResourcesBuildPhase section */
		EEC0AF361DA97DEE00338F0D /* Resources */ = {
			isa = PBXResourcesBuildPhase;
			buildActionMask = 2147483647;
			files = (
				EEC0AF461DA97DEE00338F0D /* LaunchScreen.storyboard in Resources */,
				EEC0AF431DA97DEE00338F0D /* Assets.xcassets in Resources */,
				EEC0AF741DA97E8200338F0D /* Info.plist in Resources */,
				EEC0AF411DA97DEE00338F0D /* Main.storyboard in Resources */,
				EEC0AF721DA97E4D00338F0D /* Kent_State_A1_4k.png in Resources */,
				EEC0AF701DA97E3C00338F0D /* GoogleMaps.bundle in Resources */,
			);
			runOnlyForDeploymentPostprocessing = 0;
		};
		EEC0AF4A1DA97DEE00338F0D /* Resources */ = {
			isa = PBXResourcesBuildPhase;
			buildActionMask = 2147483647;
			files = (
			);
			runOnlyForDeploymentPostprocessing = 0;
		};
		EEC0AF551DA97DEE00338F0D /* Resources */ = {
			isa = PBXResourcesBuildPhase;
			buildActionMask = 2147483647;
			files = (
			);
			runOnlyForDeploymentPostprocessing = 0;
		};
/* End PBXResourcesBuildPhase section */

/* Begin PBXShellScriptBuildPhase section */
		EEC0AF961DA9F0D100338F0D /* ShellScript */ = {
			isa = PBXShellScriptBuildPhase;
			buildActionMask = 2147483647;
			files = (
			);
			inputPaths = (
			);
			outputPaths = (
			);
			runOnlyForDeploymentPostprocessing = 0;
			shellPath = /bin/sh;
			shellScript = "./Fabric.framework/run 36d72ba6a0cc0ec9749ef0f84ac5b29617cad3f8 c58417e2ea6f842ea49c3fd97d435c2992ebacaa4425c0da571f56e45ec11bc5";
		};
/* End PBXShellScriptBuildPhase section */

/* Begin PBXSourcesBuildPhase section */
		EEC0AF341DA97DEE00338F0D /* Sources */ = {
			isa = PBXSourcesBuildPhase;
			buildActionMask = 2147483647;
			files = (
				EEC0AF3E1DA97DEE00338F0D /* ViewController.swift in Sources */,
				EEC0AF3C1DA97DEE00338F0D /* AppDelegate.swift in Sources */,
			);
			runOnlyForDeploymentPostprocessing = 0;
		};
		EEC0AF481DA97DEE00338F0D /* Sources */ = {
			isa = PBXSourcesBuildPhase;
			buildActionMask = 2147483647;
			files = (
				EEC0AF511DA97DEE00338F0D /* Kent_State_MapTests.swift in Sources */,
			);
			runOnlyForDeploymentPostprocessing = 0;
		};
		EEC0AF531DA97DEE00338F0D /* Sources */ = {
			isa = PBXSourcesBuildPhase;
			buildActionMask = 2147483647;
			files = (
				EEC0AF5C1DA97DEE00338F0D /* Kent_State_MapUITests.swift in Sources */,
			);
			runOnlyForDeploymentPostprocessing = 0;
		};
/* End PBXSourcesBuildPhase section */

/* Begin PBXTargetDependency section */
		EEC0AF4E1DA97DEE00338F0D /* PBXTargetDependency */ = {
			isa = PBXTargetDependency;
			target = EEC0AF371DA97DEE00338F0D /* Kent_State_Map */;
			targetProxy = EEC0AF4D1DA97DEE00338F0D /* PBXContainerItemProxy */;
		};
		EEC0AF591DA97DEE00338F0D /* PBXTargetDependency */ = {
			isa = PBXTargetDependency;
			target = EEC0AF371DA97DEE00338F0D /* Kent_State_Map */;
			targetProxy = EEC0AF581DA97DEE00338F0D /* PBXContainerItemProxy */;
		};
/* End PBXTargetDependency section */

/* Begin PBXVariantGroup section */
		EEC0AF3F1DA97DEE00338F0D /* Main.storyboard */ = {
			isa = PBXVariantGroup;
			children = (
				EEC0AF401DA97DEE00338F0D /* Base */,
			);
			name = Main.storyboard;
			sourceTree = "<group>";
		};
		EEC0AF441DA97DEE00338F0D /* LaunchScreen.storyboard */ = {
			isa = PBXVariantGroup;
			children = (
				EEC0AF451DA97DEE00338F0D /* Base */,
			);
			name = LaunchScreen.storyboard;
			sourceTree = "<group>";
		};
/* End PBXVariantGroup section */

/* Begin XCBuildConfiguration section */
		EEC0AF5E1DA97DEF00338F0D /* Debug */ = {
			isa = XCBuildConfiguration;
			buildSettings = {
				ALWAYS_SEARCH_USER_PATHS = NO;
				CLANG_ANALYZER_NONNULL = YES;
				CLANG_CXX_LANGUAGE_STANDARD = "gnu++0x";
				CLANG_CXX_LIBRARY = "libc++";
				CLANG_ENABLE_MODULES = YES;
				CLANG_ENABLE_OBJC_ARC = YES;
				CLANG_WARN_BOOL_CONVERSION = YES;
				CLANG_WARN_CONSTANT_CONVERSION = YES;
				CLANG_WARN_DIRECT_OBJC_ISA_USAGE = YES_ERROR;
				CLANG_WARN_DOCUMENTATION_COMMENTS = YES;
				CLANG_WARN_EMPTY_BODY = YES;
				CLANG_WARN_ENUM_CONVERSION = YES;
				CLANG_WARN_INFINITE_RECURSION = YES;
				CLANG_WARN_INT_CONVERSION = YES;
				CLANG_WARN_OBJC_ROOT_CLASS = YES_ERROR;
				CLANG_WARN_SUSPICIOUS_MOVES = YES;
				CLANG_WARN_UNREACHABLE_CODE = YES;
				CLANG_WARN__DUPLICATE_METHOD_MATCH = YES;
				"CODE_SIGN_IDENTITY[sdk=iphoneos*]" = "iPhone Developer";
				COPY_PHASE_STRIP = NO;
				DEBUG_INFORMATION_FORMAT = dwarf;
				ENABLE_STRICT_OBJC_MSGSEND = YES;
				ENABLE_TESTABILITY = YES;
				GCC_C_LANGUAGE_STANDARD = gnu99;
				GCC_DYNAMIC_NO_PIC = NO;
				GCC_NO_COMMON_BLOCKS = YES;
				GCC_OPTIMIZATION_LEVEL = 0;
				GCC_PREPROCESSOR_DEFINITIONS = (
					"DEBUG=1",
					"$(inherited)",
				);
				GCC_WARN_64_TO_32_BIT_CONVERSION = YES;
				GCC_WARN_ABOUT_RETURN_TYPE = YES_ERROR;
				GCC_WARN_UNDECLARED_SELECTOR = YES;
				GCC_WARN_UNINITIALIZED_AUTOS = YES_AGGRESSIVE;
				GCC_WARN_UNUSED_FUNCTION = YES;
				GCC_WARN_UNUSED_VARIABLE = YES;
				IPHONEOS_DEPLOYMENT_TARGET = 10.0;
				MTL_ENABLE_DEBUG_INFO = YES;
				ONLY_ACTIVE_ARCH = YES;
				SDKROOT = iphoneos;
				SWIFT_ACTIVE_COMPILATION_CONDITIONS = DEBUG;
				SWIFT_OPTIMIZATION_LEVEL = "-Onone";
				TARGETED_DEVICE_FAMILY = "1,2";
			};
			name = Debug;
		};
		EEC0AF5F1DA97DEF00338F0D /* Release */ = {
			isa = XCBuildConfiguration;
			buildSettings = {
				ALWAYS_SEARCH_USER_PATHS = NO;
				CLANG_ANALYZER_NONNULL = YES;
				CLANG_CXX_LANGUAGE_STANDARD = "gnu++0x";
				CLANG_CXX_LIBRARY = "libc++";
				CLANG_ENABLE_MODULES = YES;
				CLANG_ENABLE_OBJC_ARC = YES;
				CLANG_WARN_BOOL_CONVERSION = YES;
				CLANG_WARN_CONSTANT_CONVERSION = YES;
				CLANG_WARN_DIRECT_OBJC_ISA_USAGE = YES_ERROR;
				CLANG_WARN_DOCUMENTATION_COMMENTS = YES;
				CLANG_WARN_EMPTY_BODY = YES;
				CLANG_WARN_ENUM_CONVERSION = YES;
				CLANG_WARN_INFINITE_RECURSION = YES;
				CLANG_WARN_INT_CONVERSION = YES;
				CLANG_WARN_OBJC_ROOT_CLASS = YES_ERROR;
				CLANG_WARN_SUSPICIOUS_MOVES = YES;
				CLANG_WARN_UNREACHABLE_CODE = YES;
				CLANG_WARN__DUPLICATE_METHOD_MATCH = YES;
				"CODE_SIGN_IDENTITY[sdk=iphoneos*]" = "iPhone Developer";
				COPY_PHASE_STRIP = NO;
				DEBUG_INFORMATION_FORMAT = "dwarf-with-dsym";
				ENABLE_NS_ASSERTIONS = NO;
				ENABLE_STRICT_OBJC_MSGSEND = YES;
				GCC_C_LANGUAGE_STANDARD = gnu99;
				GCC_NO_COMMON_BLOCKS = YES;
				GCC_WARN_64_TO_32_BIT_CONVERSION = YES;
				GCC_WARN_ABOUT_RETURN_TYPE = YES_ERROR;
				GCC_WARN_UNDECLARED_SELECTOR = YES;
				GCC_WARN_UNINITIALIZED_AUTOS = YES_AGGRESSIVE;
				GCC_WARN_UNUSED_FUNCTION = YES;
				GCC_WARN_UNUSED_VARIABLE = YES;
				IPHONEOS_DEPLOYMENT_TARGET = 10.0;
				MTL_ENABLE_DEBUG_INFO = NO;
				SDKROOT = iphoneos;
				SWIFT_OPTIMIZATION_LEVEL = "-Owholemodule";
				TARGETED_DEVICE_FAMILY = "1,2";
				VALIDATE_PRODUCT = YES;
			};
			name = Release;
		};
		EEC0AF611DA97DEF00338F0D /* Debug */ = {
			isa = XCBuildConfiguration;
			buildSettings = {
				ASSETCATALOG_COMPILER_APPICON_NAME = AppIcon;
				FRAMEWORK_SEARCH_PATHS = (
					"$(inherited)",
					"$(PROJECT_DIR)",
				);
				INFOPLIST_FILE = Kent_State_Map/Info.plist;
				IPHONEOS_DEPLOYMENT_TARGET = 9.3;
				LD_RUNPATH_SEARCH_PATHS = "$(inherited) @executable_path/Frameworks";
				OTHER_LDFLAGS = "-ObjC";
				PRODUCT_BUNDLE_IDENTIFIER = "x.Kent-State-Map";
				PRODUCT_NAME = "$(TARGET_NAME)";
				SWIFT_VERSION = 3.0;
			};
			name = Debug;
		};
		EEC0AF621DA97DEF00338F0D /* Release */ = {
			isa = XCBuildConfiguration;
			buildSettings = {
				ASSETCATALOG_COMPILER_APPICON_NAME = AppIcon;
				FRAMEWORK_SEARCH_PATHS = (
					"$(inherited)",
					"$(PROJECT_DIR)",
				);
				INFOPLIST_FILE = Kent_State_Map/Info.plist;
				IPHONEOS_DEPLOYMENT_TARGET = 9.3;
				LD_RUNPATH_SEARCH_PATHS = "$(inherited) @executable_path/Frameworks";
				OTHER_LDFLAGS = "-ObjC";
				PRODUCT_BUNDLE_IDENTIFIER = "x.Kent-State-Map";
				PRODUCT_NAME = "$(TARGET_NAME)";
				SWIFT_VERSION = 3.0;
			};
			name = Release;
		};
		EEC0AF641DA97DEF00338F0D /* Debug */ = {
			isa = XCBuildConfiguration;
			buildSettings = {
				ALWAYS_EMBED_SWIFT_STANDARD_LIBRARIES = YES;
				BUNDLE_LOADER = "$(TEST_HOST)";
				INFOPLIST_FILE = Kent_State_MapTests/Info.plist;
				LD_RUNPATH_SEARCH_PATHS = "$(inherited) @executable_path/Frameworks @loader_path/Frameworks";
				PRODUCT_BUNDLE_IDENTIFIER = "x.Kent-State-MapTests";
				PRODUCT_NAME = "$(TARGET_NAME)";
				SWIFT_VERSION = 3.0;
				TEST_HOST = "$(BUILT_PRODUCTS_DIR)/Kent_State_Map.app/Kent_State_Map";
			};
			name = Debug;
		};
		EEC0AF651DA97DEF00338F0D /* Release */ = {
			isa = XCBuildConfiguration;
			buildSettings = {
				ALWAYS_EMBED_SWIFT_STANDARD_LIBRARIES = YES;
				BUNDLE_LOADER = "$(TEST_HOST)";
				INFOPLIST_FILE = Kent_State_MapTests/Info.plist;
				LD_RUNPATH_SEARCH_PATHS = "$(inherited) @executable_path/Frameworks @loader_path/Frameworks";
				PRODUCT_BUNDLE_IDENTIFIER = "x.Kent-State-MapTests";
				PRODUCT_NAME = "$(TARGET_NAME)";
				SWIFT_VERSION = 3.0;
				TEST_HOST = "$(BUILT_PRODUCTS_DIR)/Kent_State_Map.app/Kent_State_Map";
			};
			name = Release;
		};
		EEC0AF671DA97DEF00338F0D /* Debug */ = {
			isa = XCBuildConfiguration;
			buildSettings = {
				ALWAYS_EMBED_SWIFT_STANDARD_LIBRARIES = YES;
				INFOPLIST_FILE = Kent_State_MapUITests/Info.plist;
				LD_RUNPATH_SEARCH_PATHS = "$(inherited) @executable_path/Frameworks @loader_path/Frameworks";
				PRODUCT_BUNDLE_IDENTIFIER = "x.Kent-State-MapUITests";
				PRODUCT_NAME = "$(TARGET_NAME)";
				SWIFT_VERSION = 3.0;
				TEST_TARGET_NAME = Kent_State_Map;
			};
			name = Debug;
		};
		EEC0AF681DA97DEF00338F0D /* Release */ = {
			isa = XCBuildConfiguration;
			buildSettings = {
				ALWAYS_EMBED_SWIFT_STANDARD_LIBRARIES = YES;
				INFOPLIST_FILE = Kent_State_MapUITests/Info.plist;
				LD_RUNPATH_SEARCH_PATHS = "$(inherited) @executable_path/Frameworks @loader_path/Frameworks";
				PRODUCT_BUNDLE_IDENTIFIER = "x.Kent-State-MapUITests";
				PRODUCT_NAME = "$(TARGET_NAME)";
				SWIFT_VERSION = 3.0;
				TEST_TARGET_NAME = Kent_State_Map;
			};
			name = Release;
		};
/* End XCBuildConfiguration section */

/* Begin XCConfigurationList section */
		EEC0AF331DA97DEE00338F0D /* Build configuration list for PBXProject "Kent_State_Map" */ = {
			isa = XCConfigurationList;
			buildConfigurations = (
				EEC0AF5E1DA97DEF00338F0D /* Debug */,
				EEC0AF5F1DA97DEF00338F0D /* Release */,
			);
			defaultConfigurationIsVisible = 0;
			defaultConfigurationName = Release;
		};
		EEC0AF601DA97DEF00338F0D /* Build configuration list for PBXNativeTarget "Kent_State_Map" */ = {
			isa = XCConfigurationList;
			buildConfigurations = (
				EEC0AF611DA97DEF00338F0D /* Debug */,
				EEC0AF621DA97DEF00338F0D /* Release */,
			);
			defaultConfigurationIsVisible = 0;
			defaultConfigurationName = Release;
		};
		EEC0AF631DA97DEF00338F0D /* Build configuration list for PBXNativeTarget "Kent_State_MapTests" */ = {
			isa = XCConfigurationList;
			buildConfigurations = (
				EEC0AF641DA97DEF00338F0D /* Debug */,
				EEC0AF651DA97DEF00338F0D /* Release */,
			);
			defaultConfigurationIsVisible = 0;
			defaultConfigurationName = Release;
		};
		EEC0AF661DA97DEF00338F0D /* Build configuration list for PBXNativeTarget "Kent_State_MapUITests" */ = {
			isa = XCConfigurationList;
			buildConfigurations = (
				EEC0AF671DA97DEF00338F0D /* Debug */,
				EEC0AF681DA97DEF00338F0D /* Release */,
			);
			defaultConfigurationIsVisible = 0;
			defaultConfigurationName = Release;
		};
/* End XCConfigurationList section */
	};
	rootObject = EEC0AF301DA97DEE00338F0D /* Project object */;
}
